
Microsoft Visual Studio Solution File, Format Version 12.00
# Visual Studio 2013
VisualStudioVersion = 12.0.21005.1
MinimumVisualStudioVersion = 10.0.40219.1
Project("{FAE04EC0-301F-11D3-BF4B-00C04F79EFBC}") = "Demo 1", "Demo 1.csproj", "{F55AD38D-F171-49F3-A51C-69D39C82D7D2}"
EndProject
Global
	GlobalSection(SolutionConfigurationPlatforms) = preSolution
		Debug|Any CPU = Debug|Any CPU
		Release|Any CPU = Release|Any CPU
	EndGlobalSection
	GlobalSection(ProjectConfigurationPlatforms) = postSolution
		{F55AD38D-F171-49F3-A51C-69D39C82D7D2}.Debug|Any CPU.ActiveCfg = Debug|Any CPU
		{F55AD38D-F171-49F3-A51C-69D39C82D7D2}.Debug|Any CPU.Build.0 = Debug|Any CPU
		{F55AD38D-F171-49F3-A51C-69D39C82D7D2}.Release|Any CPU.ActiveCfg = Release|Any CPU
		{F55AD38D-F171-49F3-A51C-69D39C82D7D2}.Release|Any CPU.Build.0 = Release|Any CPU
	EndGlobalSection
	GlobalSection(SolutionProperties) = preSolution
		HideSolutionNode = FALSE
	EndGlobalSection
EndGlobal
